<Solution>
  <Project Path="Application/Application.csproj">
    <BuildDependency Project="DigitalArs/DigitalArs.csproj" />
  </Project>
  <Project Path="DigitalArs/DigitalArs.csproj" />
  <Project Path="Domain/Domain.csproj">
    <BuildDependency Project="Application/Application.csproj" />
    <BuildDependency Project="Infraestructure/Infraestructure.csproj" />
  </Project>
  <Project Path="Infraestructure/Infraestructure.csproj">
    <BuildDependency Project="DigitalArs/DigitalArs.csproj" />
  </Project>
</Solution>
